<?xml version="1.0" encoding="utf-8"?>
<Project ToolsVersion="4.0" xmlns="http://schemas.microsoft.com/developer/msbuild/2003">
  <ItemGroup>
    <Filter Include="Source Files">
      <UniqueIdentifier>{4FC737F1-C7A5-4376-A066-2A32D752A2FF}</UniqueIdentifier>
      <Extensions>cpp;c;cc;cxx;def;odl;idl;hpj;bat;asm;asmx</Extensions>
    </Filter>
    <Filter Include="Header Files">
      <UniqueIdentifier>{93995380-89BD-4b04-88EB-625FBE52EBFB}</UniqueIdentifier>
      <Extensions>h;hpp;hxx;hm;inl;inc;xsd</Extensions>
    </Filter>
    <Filter Include="Resource Files">
      <UniqueIdentifier>{67DA6AB6-F800-4c08-8B7A-83BB121AAD01}</UniqueIdentifier>
      <Extensions>rc;ico;cur;bmp;dlg;rc2;rct;bin;rgs;gif;jpg;jpeg;jpe;resx;tiff;tif;png;wav</Extensions>
    </Filter>
  </ItemGroup>
  <ItemGroup>
    <ClCompile Include="dialogs\AboutDialog.cpp">
      <Filter>Source Files</Filter>
    </ClCompile>
    <ClCompile Include="dialogs\AbstractionDialog.cpp">
      <Filter>Source Files</Filter>
    </ClCompile>
    <ClCompile Include="AssemblyInfo.cpp">
      <Filter>Source Files</Filter>
    </ClCompile>
    <ClCompile Include="calculator\calculator.cpp">
      <Filter>Source Files</Filter>
    </ClCompile>
    <ClCompile Include="calculator\configuration.cpp">
      <Filter>Source Files</Filter>
    </ClCompile>
    <ClCompile Include="excel\ExcelAutomation.cpp">
      <Filter>Source Files</Filter>
    </ClCompile>
    <ClCompile Include="calculator\exceptions.cpp">
      <Filter>Source Files</Filter>
    </ClCompile>
    <ClCompile Include="dialogs\JoinDialog.cpp">
      <Filter>Source Files</Filter>
    </ClCompile>
    <ClCompile Include="MainForm.cpp">
      <Filter>Source Files</Filter>
    </ClCompile>
    <ClCompile Include="calculator\operations.cpp">
      <Filter>Source Files</Filter>
    </ClCompile>
    <ClCompile Include="ParetoCalculator.cpp">
      <Filter>Source Files</Filter>
    </ClCompile>
    <ClCompile Include="calculator\paretoparser_vs.cpp">
      <Filter>Source Files</Filter>
    </ClCompile>
    <ClCompile Include="dialogs\PlotDialog.cpp">
      <Filter>Source Files</Filter>
    </ClCompile>
    <ClCompile Include="dialogs\prodcons.cpp">
      <Filter>Source Files</Filter>
    </ClCompile>
    <ClCompile Include="calculator\quantity.cpp">
      <Filter>Source Files</Filter>
    </ClCompile>
    <ClCompile Include="dialogs\SaveDialog.cpp">
      <Filter>Source Files</Filter>
    </ClCompile>
    <ClCompile Include="dialogs\SelectionDialog.cpp">
      <Filter>Source Files</Filter>
    </ClCompile>
    <ClCompile Include="statusmediator.cpp">
      <Filter>Source Files</Filter>
    </ClCompile>
    <ClCompile Include="stdafx.cpp">
      <Filter>Source Files</Filter>
    </ClCompile>
    <ClCompile Include="calculator\storage.cpp">
      <Filter>Source Files</Filter>
    </ClCompile>
    <ClCompile Include="dialogs\StoreDialog.cpp">
      <Filter>Source Files</Filter>
    </ClCompile>
    <ClCompile Include="dialogs\SumDialog.cpp">
      <Filter>Source Files</Filter>
    </ClCompile>
    <ClCompile Include="calculator\utils_vs.cpp">
      <Filter>Source Files</Filter>
    </ClCompile>
  </ItemGroup>
  <ItemGroup>
    <ClInclude Include="dialogs\AboutDialog.h">
      <Filter>Header Files</Filter>
    </ClInclude>
    <ClInclude Include="dialogs\AbstractionDialog.h">
      <Filter>Header Files</Filter>
    </ClInclude>
    <ClInclude Include="calculator\calculator.h">
      <Filter>Header Files</Filter>
    </ClInclude>
    <ClInclude Include="calculator\configuration.h">
      <Filter>Header Files</Filter>
    </ClInclude>
    <ClInclude Include="excel\ExcelAutomation.h">
      <Filter>Header Files</Filter>
    </ClInclude>
    <ClInclude Include="calculator\exceptions.h">
      <Filter>Header Files</Filter>
    </ClInclude>
    <ClInclude Include="globals.h">
      <Filter>Header Files</Filter>
    </ClInclude>
    <ClInclude Include="dialogs\JoinDialog.h">
      <Filter>Header Files</Filter>
    </ClInclude>
    <ClInclude Include="MainForm.h">
      <Filter>Header Files</Filter>
    </ClInclude>
    <ClInclude Include="calculator\msxmlsupport.h">
      <Filter>Header Files</Filter>
    </ClInclude>
    <ClInclude Include="calculator\operations.h">
      <Filter>Header Files</Filter>
    </ClInclude>
    <ClInclude Include="calculator\paretoparser_vs.h">
      <Filter>Header Files</Filter>
    </ClInclude>
    <ClInclude Include="dialogs\PlotDialog.h">
      <Filter>Header Files</Filter>
    </ClInclude>
    <ClInclude Include="dialogs\prodcons.h">
      <Filter>Header Files</Filter>
    </ClInclude>
    <ClInclude Include="calculator\quantity.h">
      <Filter>Header Files</Filter>
    </ClInclude>
    <ClInclude Include="resource.h">
      <Filter>Header Files</Filter>
    </ClInclude>
    <ClInclude Include="dialogs\SaveDialog.h">
      <Filter>Header Files</Filter>
    </ClInclude>
    <ClInclude Include="dialogs\SelectionDialog.h">
      <Filter>Header Files</Filter>
    </ClInclude>
    <ClInclude Include="statusmediator.h">
      <Filter>Header Files</Filter>
    </ClInclude>
    <ClInclude Include="stdafx.h">
      <Filter>Header Files</Filter>
    </ClInclude>
    <ClInclude Include="calculator\storage.h">
      <Filter>Header Files</Filter>
    </ClInclude>
    <ClInclude Include="dialogs\StoreDialog.h">
      <Filter>Header Files</Filter>
    </ClInclude>
    <ClInclude Include="dialogs\SumDialog.h">
      <Filter>Header Files</Filter>
    </ClInclude>
    <ClInclude Include="calculator\support.h">
      <Filter>Header Files</Filter>
    </ClInclude>
    <ClInclude Include="calculator\utils_vs.h">
      <Filter>Header Files</Filter>
    </ClInclude>
  </ItemGroup>
  <ItemGroup>
    <EmbeddedResource Include="dialogs\AboutDialog.resx">
      <Filter>Resource Files</Filter>
    </EmbeddedResource>
    <EmbeddedResource Include="dialogs\AbstractionDialog.resx">
      <Filter>Resource Files</Filter>
    </EmbeddedResource>
    <EmbeddedResource Include="dialogs\JoinDialog.resx">
      <Filter>Resource Files</Filter>
    </EmbeddedResource>
    <EmbeddedResource Include="dialogs\PlotDialog.resx">
      <Filter>Resource Files</Filter>
    </EmbeddedResource>
    <EmbeddedResource Include="dialogs\prodcons.resx">
      <Filter>Resource Files</Filter>
    </EmbeddedResource>
    <EmbeddedResource Include="dialogs\SaveDialog.resx">
      <Filter>Resource Files</Filter>
    </EmbeddedResource>
    <EmbeddedResource Include="dialogs\SelectionDialog.resx">
      <Filter>Resource Files</Filter>
    </EmbeddedResource>
    <EmbeddedResource Include="dialogs\StoreDialog.resx">
      <Filter>Resource Files</Filter>
    </EmbeddedResource>
    <EmbeddedResource Include="dialogs\SumDialog.resx">
      <Filter>Resource Files</Filter>
    </EmbeddedResource>
    <EmbeddedResource Include="MainForm.resx">
      <Filter>Resource Files</Filter>
    </EmbeddedResource>
  </ItemGroup>
  <ItemGroup>
    <ResourceCompile Include="app.rc">
      <Filter>Resource Files</Filter>
    </ResourceCompile>
  </ItemGroup>
  <ItemGroup>
    <None Include="ParetoCalculator.ico">
      <Filter>Resource Files</Filter>
    </None>
    <None Include="ParetoCalculator2.ico">
      <Filter>Resource Files</Filter>
    </None>
  </ItemGroup>
</Project>